
Microsoft Visual Studio Solution File, Format Version 12.00
# Visual Studio 15
VisualStudioVersion = 15.0.27703.2000
MinimumVisualStudioVersion = 10.0.40219.1
Project("{FAE04EC0-301F-11D3-BF4B-00C04F79EFBC}") = "PrimeFactors", "hackerranktesting\PrimeFactors.csproj", "{D6894976-774C-4403-A2CD-962BDCBE7F14}"
EndProject
Project("{FAE04EC0-301F-11D3-BF4B-00C04F79EFBC}") = "PrimeFactors.MSTests", "HackerRank.MSTests\PrimeFactors.MSTests.csproj", "{39399EF6-E2FC-481B-B919-AB6822577758}"
EndProject
Global
	GlobalSection(SolutionConfigurationPlatforms) = preSolution
		Debug|Any CPU = Debug|Any CPU
		Release|Any CPU = Release|Any CPU
	EndGlobalSection
	GlobalSection(ProjectConfigurationPlatforms) = postSolution
		{D6894976-774C-4403-A2CD-962BDCBE7F14}.Debug|Any CPU.ActiveCfg = Debug|Any CPU
		{D6894976-774C-4403-A2CD-962BDCBE7F14}.Debug|Any CPU.Build.0 = Debug|Any CPU
		{D6894976-774C-4403-A2CD-962BDCBE7F14}.Release|Any CPU.ActiveCfg = Release|Any CPU
		{D6894976-774C-4403-A2CD-962BDCBE7F14}.Release|Any CPU.Build.0 = Release|Any CPU
		{39399EF6-E2FC-481B-B919-AB6822577758}.Debug|Any CPU.ActiveCfg = Debug|Any CPU
		{39399EF6-E2FC-481B-B919-AB6822577758}.Debug|Any CPU.Build.0 = Debug|Any CPU
		{39399EF6-E2FC-481B-B919-AB6822577758}.Release|Any CPU.ActiveCfg = Release|Any CPU
		{39399EF6-E2FC-481B-B919-AB6822577758}.Release|Any CPU.Build.0 = Release|Any CPU
	EndGlobalSection
	GlobalSection(SolutionProperties) = preSolution
		HideSolutionNode = FALSE
	EndGlobalSection
	GlobalSection(ExtensibilityGlobals) = postSolution
		SolutionGuid = {8C31E556-C32B-4D75-8931-6D2646A909A2}
	EndGlobalSection
EndGlobal
